
Microsoft Visual Studio Solution File, Format Version 12.00
# Visual Studio 15
VisualStudioVersion = 15.0.28010.2026
MinimumVisualStudioVersion = 10.0.40219.1
Project("{FAE04EC0-301F-11D3-BF4B-00C04F79EFBC}") = "Lession1", "Lession1\Lession1.csproj", "{DA0584EC-0351-4EE9-B5A6-161DD2475C93}"
EndProject
Project("{FAE04EC0-301F-11D3-BF4B-00C04F79EFBC}") = "Lession2", "Lession2\Lession2.csproj", "{D5145A91-081F-4777-8493-3E1049656ADF}"
EndProject
Project("{FAE04EC0-301F-11D3-BF4B-00C04F79EFBC}") = "Lession3", "Lession3\Lession3.csproj", "{12D9C8A6-E076-4DA0-99DD-15016DE6A53C}"
EndProject
Project("{FAE04EC0-301F-11D3-BF4B-00C04F79EFBC}") = "Lession4", "Lession4\Lession4.csproj", "{FBE66127-0D6A-4F4E-8711-204A542C9C97}"
EndProject
Project("{FAE04EC0-301F-11D3-BF4B-00C04F79EFBC}") = "Lession5", "Lession5\Lession5.csproj", "{D4900B50-A031-4FE7-AF20-9010AAA1B599}"
EndProject
Project("{FAE04EC0-301F-11D3-BF4B-00C04F79EFBC}") = "Lession6", "Lession6\Lession6.csproj", "{14B0D69F-7748-48F8-951B-6F0E10C78308}"
EndProject
Project("{2150E333-8FDC-42A3-9474-1A3956D46DE8}") = "1.FundamentalMathematical", "1.FundamentalMathematical", "{A47CD09D-1689-488E-B15E-0F19687C844C}"
EndProject
Project("{2150E333-8FDC-42A3-9474-1A3956D46DE8}") = "2.DateFormats", "2.DateFormats", "{81E07B6C-DFAB-4A88-B92A-B5BF42B58160}"
EndProject
Project("{FAE04EC0-301F-11D3-BF4B-00C04F79EFBC}") = "Lession7", "Lession7\Lession7.csproj", "{F8915688-209E-4ABB-8E86-FF5A0FCB3A7B}"
EndProject
Project("{FAE04EC0-301F-11D3-BF4B-00C04F79EFBC}") = "Lession8", "Lession8\Lession8.csproj", "{FFE3363C-4253-48BD-A8EB-A966BE44CB44}"
EndProject
Project("{FAE04EC0-301F-11D3-BF4B-00C04F79EFBC}") = "Lession9", "Lession9\Lession9.csproj", "{21059F56-2B00-4798-BA69-347DE0A4C957}"
EndProject
Project("{FAE04EC0-301F-11D3-BF4B-00C04F79EFBC}") = "Lession10", "Lession10\Lession10.csproj", "{0144AA3F-6E26-4AC5-B8ED-E1CE27F96852}"
EndProject
Project("{2150E333-8FDC-42A3-9474-1A3956D46DE8}") = "3.BitwiseAndSwapping", "3.BitwiseAndSwapping", "{092036A3-37FE-401A-9297-62B809FE2261}"
EndProject
Project("{FAE04EC0-301F-11D3-BF4B-00C04F79EFBC}") = "Lession11", "Lession11\Lession11.csproj", "{D6054A3E-31EE-4E5B-A761-417921A78B84}"
EndProject
Project("{FAE04EC0-301F-11D3-BF4B-00C04F79EFBC}") = "Lession12", "Lession12\Lession12.csproj", "{D6ECB0A9-0115-4AD6-A67C-EBA7AEA6C753}"
EndProject
Project("{FAE04EC0-301F-11D3-BF4B-00C04F79EFBC}") = "Lession13", "Lession13\Lession13.csproj", "{20F86D1B-C191-4333-A77D-7CFDF19BAC0E}"
EndProject
Project("{FAE04EC0-301F-11D3-BF4B-00C04F79EFBC}") = "Console_ATM_VietNam", "Console_ATM_VietNam\Console_ATM_VietNam.csproj", "{018A3240-AB14-4672-B48C-72D4861B3D5A}"
EndProject
Global
	GlobalSection(SolutionConfigurationPlatforms) = preSolution
		Debug|Any CPU = Debug|Any CPU
		Release|Any CPU = Release|Any CPU
	EndGlobalSection
	GlobalSection(ProjectConfigurationPlatforms) = postSolution
		{DA0584EC-0351-4EE9-B5A6-161DD2475C93}.Debug|Any CPU.ActiveCfg = Debug|Any CPU
		{DA0584EC-0351-4EE9-B5A6-161DD2475C93}.Debug|Any CPU.Build.0 = Debug|Any CPU
		{DA0584EC-0351-4EE9-B5A6-161DD2475C93}.Release|Any CPU.ActiveCfg = Release|Any CPU
		{DA0584EC-0351-4EE9-B5A6-161DD2475C93}.Release|Any CPU.Build.0 = Release|Any CPU
		{D5145A91-081F-4777-8493-3E1049656ADF}.Debug|Any CPU.ActiveCfg = Debug|Any CPU
		{D5145A91-081F-4777-8493-3E1049656ADF}.Debug|Any CPU.Build.0 = Debug|Any CPU
		{D5145A91-081F-4777-8493-3E1049656ADF}.Release|Any CPU.ActiveCfg = Release|Any CPU
		{D5145A91-081F-4777-8493-3E1049656ADF}.Release|Any CPU.Build.0 = Release|Any CPU
		{12D9C8A6-E076-4DA0-99DD-15016DE6A53C}.Debug|Any CPU.ActiveCfg = Debug|Any CPU
		{12D9C8A6-E076-4DA0-99DD-15016DE6A53C}.Debug|Any CPU.Build.0 = Debug|Any CPU
		{12D9C8A6-E076-4DA0-99DD-15016DE6A53C}.Release|Any CPU.ActiveCfg = Release|Any CPU
		{12D9C8A6-E076-4DA0-99DD-15016DE6A53C}.Release|Any CPU.Build.0 = Release|Any CPU
		{FBE66127-0D6A-4F4E-8711-204A542C9C97}.Debug|Any CPU.ActiveCfg = Debug|Any CPU
		{FBE66127-0D6A-4F4E-8711-204A542C9C97}.Debug|Any CPU.Build.0 = Debug|Any CPU
		{FBE66127-0D6A-4F4E-8711-204A542C9C97}.Release|Any CPU.ActiveCfg = Release|Any CPU
		{FBE66127-0D6A-4F4E-8711-204A542C9C97}.Release|Any CPU.Build.0 = Release|Any CPU
		{D4900B50-A031-4FE7-AF20-9010AAA1B599}.Debug|Any CPU.ActiveCfg = Debug|Any CPU
		{D4900B50-A031-4FE7-AF20-9010AAA1B599}.Debug|Any CPU.Build.0 = Debug|Any CPU
		{D4900B50-A031-4FE7-AF20-9010AAA1B599}.Release|Any CPU.ActiveCfg = Release|Any CPU
		{D4900B50-A031-4FE7-AF20-9010AAA1B599}.Release|Any CPU.Build.0 = Release|Any CPU
		{14B0D69F-7748-48F8-951B-6F0E10C78308}.Debug|Any CPU.ActiveCfg = Debug|Any CPU
		{14B0D69F-7748-48F8-951B-6F0E10C78308}.Debug|Any CPU.Build.0 = Debug|Any CPU
		{14B0D69F-7748-48F8-951B-6F0E10C78308}.Release|Any CPU.ActiveCfg = Release|Any CPU
		{14B0D69F-7748-48F8-951B-6F0E10C78308}.Release|Any CPU.Build.0 = Release|Any CPU
		{F8915688-209E-4ABB-8E86-FF5A0FCB3A7B}.Debug|Any CPU.ActiveCfg = Debug|Any CPU
		{F8915688-209E-4ABB-8E86-FF5A0FCB3A7B}.Debug|Any CPU.Build.0 = Debug|Any CPU
		{F8915688-209E-4ABB-8E86-FF5A0FCB3A7B}.Release|Any CPU.ActiveCfg = Release|Any CPU
		{F8915688-209E-4ABB-8E86-FF5A0FCB3A7B}.Release|Any CPU.Build.0 = Release|Any CPU
		{FFE3363C-4253-48BD-A8EB-A966BE44CB44}.Debug|Any CPU.ActiveCfg = Debug|Any CPU
		{FFE3363C-4253-48BD-A8EB-A966BE44CB44}.Debug|Any CPU.Build.0 = Debug|Any CPU
		{FFE3363C-4253-48BD-A8EB-A966BE44CB44}.Release|Any CPU.ActiveCfg = Release|Any CPU
		{FFE3363C-4253-48BD-A8EB-A966BE44CB44}.Release|Any CPU.Build.0 = Release|Any CPU
		{21059F56-2B00-4798-BA69-347DE0A4C957}.Debug|Any CPU.ActiveCfg = Debug|Any CPU
		{21059F56-2B00-4798-BA69-347DE0A4C957}.Debug|Any CPU.Build.0 = Debug|Any CPU
		{21059F56-2B00-4798-BA69-347DE0A4C957}.Release|Any CPU.ActiveCfg = Release|Any CPU
		{21059F56-2B00-4798-BA69-347DE0A4C957}.Release|Any CPU.Build.0 = Release|Any CPU
		{0144AA3F-6E26-4AC5-B8ED-E1CE27F96852}.Debug|Any CPU.ActiveCfg = Debug|Any CPU
		{0144AA3F-6E26-4AC5-B8ED-E1CE27F96852}.Debug|Any CPU.Build.0 = Debug|Any CPU
		{0144AA3F-6E26-4AC5-B8ED-E1CE27F96852}.Release|Any CPU.ActiveCfg = Release|Any CPU
		{0144AA3F-6E26-4AC5-B8ED-E1CE27F96852}.Release|Any CPU.Build.0 = Release|Any CPU
		{D6054A3E-31EE-4E5B-A761-417921A78B84}.Debug|Any CPU.ActiveCfg = Debug|Any CPU
		{D6054A3E-31EE-4E5B-A761-417921A78B84}.Debug|Any CPU.Build.0 = Debug|Any CPU
		{D6054A3E-31EE-4E5B-A761-417921A78B84}.Release|Any CPU.ActiveCfg = Release|Any CPU
		{D6054A3E-31EE-4E5B-A761-417921A78B84}.Release|Any CPU.Build.0 = Release|Any CPU
		{D6ECB0A9-0115-4AD6-A67C-EBA7AEA6C753}.Debug|Any CPU.ActiveCfg = Debug|Any CPU
		{D6ECB0A9-0115-4AD6-A67C-EBA7AEA6C753}.Debug|Any CPU.Build.0 = Debug|Any CPU
		{D6ECB0A9-0115-4AD6-A67C-EBA7AEA6C753}.Release|Any CPU.ActiveCfg = Release|Any CPU
		{D6ECB0A9-0115-4AD6-A67C-EBA7AEA6C753}.Release|Any CPU.Build.0 = Release|Any CPU
		{20F86D1B-C191-4333-A77D-7CFDF19BAC0E}.Debug|Any CPU.ActiveCfg = Debug|Any CPU
		{20F86D1B-C191-4333-A77D-7CFDF19BAC0E}.Debug|Any CPU.Build.0 = Debug|Any CPU
		{20F86D1B-C191-4333-A77D-7CFDF19BAC0E}.Release|Any CPU.ActiveCfg = Release|Any CPU
		{20F86D1B-C191-4333-A77D-7CFDF19BAC0E}.Release|Any CPU.Build.0 = Release|Any CPU
		{018A3240-AB14-4672-B48C-72D4861B3D5A}.Debug|Any CPU.ActiveCfg = Debug|Any CPU
		{018A3240-AB14-4672-B48C-72D4861B3D5A}.Debug|Any CPU.Build.0 = Debug|Any CPU
		{018A3240-AB14-4672-B48C-72D4861B3D5A}.Release|Any CPU.ActiveCfg = Release|Any CPU
		{018A3240-AB14-4672-B48C-72D4861B3D5A}.Release|Any CPU.Build.0 = Release|Any CPU
	EndGlobalSection
	GlobalSection(SolutionProperties) = preSolution
		HideSolutionNode = FALSE
	EndGlobalSection
	GlobalSection(NestedProjects) = preSolution
		{DA0584EC-0351-4EE9-B5A6-161DD2475C93} = {A47CD09D-1689-488E-B15E-0F19687C844C}
		{D5145A91-081F-4777-8493-3E1049656ADF} = {A47CD09D-1689-488E-B15E-0F19687C844C}
		{12D9C8A6-E076-4DA0-99DD-15016DE6A53C} = {A47CD09D-1689-488E-B15E-0F19687C844C}
		{FBE66127-0D6A-4F4E-8711-204A542C9C97} = {A47CD09D-1689-488E-B15E-0F19687C844C}
		{D4900B50-A031-4FE7-AF20-9010AAA1B599} = {A47CD09D-1689-488E-B15E-0F19687C844C}
		{14B0D69F-7748-48F8-951B-6F0E10C78308} = {A47CD09D-1689-488E-B15E-0F19687C844C}
		{F8915688-209E-4ABB-8E86-FF5A0FCB3A7B} = {81E07B6C-DFAB-4A88-B92A-B5BF42B58160}
		{FFE3363C-4253-48BD-A8EB-A966BE44CB44} = {81E07B6C-DFAB-4A88-B92A-B5BF42B58160}
		{21059F56-2B00-4798-BA69-347DE0A4C957} = {81E07B6C-DFAB-4A88-B92A-B5BF42B58160}
		{0144AA3F-6E26-4AC5-B8ED-E1CE27F96852} = {81E07B6C-DFAB-4A88-B92A-B5BF42B58160}
		{D6054A3E-31EE-4E5B-A761-417921A78B84} = {81E07B6C-DFAB-4A88-B92A-B5BF42B58160}
		{D6ECB0A9-0115-4AD6-A67C-EBA7AEA6C753} = {092036A3-37FE-401A-9297-62B809FE2261}
		{20F86D1B-C191-4333-A77D-7CFDF19BAC0E} = {092036A3-37FE-401A-9297-62B809FE2261}
	EndGlobalSection
	GlobalSection(ExtensibilityGlobals) = postSolution
		SolutionGuid = {462B3588-E42A-4CAA-8A63-5FB4326C1C19}
	EndGlobalSection
EndGlobal
