
Microsoft Visual Studio Solution File, Format Version 12.00
# Visual Studio Version 17
VisualStudioVersion = 17.5.33627.172
MinimumVisualStudioVersion = 10.0.40219.1
Project("{FAE04EC0-301F-11D3-BF4B-00C04F79EFBC}") = "Lession1", "Lession1\Lession1.csproj", "{DA0584EC-0351-4EE9-B5A6-161DD2475C93}"
EndProject
Project("{FAE04EC0-301F-11D3-BF4B-00C04F79EFBC}") = "Lession2", "Lession2\Lession2.csproj", "{D5145A91-081F-4777-8493-3E1049656ADF}"
EndProject
Project("{FAE04EC0-301F-11D3-BF4B-00C04F79EFBC}") = "Lession3", "Lession3\Lession3.csproj", "{12D9C8A6-E076-4DA0-99DD-15016DE6A53C}"
EndProject
Project("{FAE04EC0-301F-11D3-BF4B-00C04F79EFBC}") = "Lession4", "Lession4\Lession4.csproj", "{FBE66127-0D6A-4F4E-8711-204A542C9C97}"
EndProject
Project("{FAE04EC0-301F-11D3-BF4B-00C04F79EFBC}") = "Lession5", "Lession5\Lession5.csproj", "{D4900B50-A031-4FE7-AF20-9010AAA1B599}"
EndProject
Project("{FAE04EC0-301F-11D3-BF4B-00C04F79EFBC}") = "Lession6", "Lession6\Lession6.csproj", "{14B0D69F-7748-48F8-951B-6F0E10C78308}"
EndProject
Project("{2150E333-8FDC-42A3-9474-1A3956D46DE8}") = "1.FundamentalMathematical", "1.FundamentalMathematical", "{A47CD09D-1689-488E-B15E-0F19687C844C}"
EndProject
Project("{2150E333-8FDC-42A3-9474-1A3956D46DE8}") = "2.DateFormats", "2.DateFormats", "{81E07B6C-DFAB-4A88-B92A-B5BF42B58160}"
EndProject
Project("{FAE04EC0-301F-11D3-BF4B-00C04F79EFBC}") = "Lession7", "Lession7\Lession7.csproj", "{F8915688-209E-4ABB-8E86-FF5A0FCB3A7B}"
EndProject
Project("{FAE04EC0-301F-11D3-BF4B-00C04F79EFBC}") = "Lession8", "Lession8\Lession8.csproj", "{FFE3363C-4253-48BD-A8EB-A966BE44CB44}"
EndProject
Project("{FAE04EC0-301F-11D3-BF4B-00C04F79EFBC}") = "Lession9", "Lession9\Lession9.csproj", "{21059F56-2B00-4798-BA69-347DE0A4C957}"
EndProject
Project("{FAE04EC0-301F-11D3-BF4B-00C04F79EFBC}") = "Lession10", "Lession10\Lession10.csproj", "{0144AA3F-6E26-4AC5-B8ED-E1CE27F96852}"
EndProject
Project("{2150E333-8FDC-42A3-9474-1A3956D46DE8}") = "3.BitwiseAndSwapping", "3.BitwiseAndSwapping", "{092036A3-37FE-401A-9297-62B809FE2261}"
EndProject
Project("{FAE04EC0-301F-11D3-BF4B-00C04F79EFBC}") = "Lession11", "Lession11\Lession11.csproj", "{D6054A3E-31EE-4E5B-A761-417921A78B84}"
EndProject
Project("{FAE04EC0-301F-11D3-BF4B-00C04F79EFBC}") = "Lession12", "Lession12\Lession12.csproj", "{D6ECB0A9-0115-4AD6-A67C-EBA7AEA6C753}"
EndProject
Project("{FAE04EC0-301F-11D3-BF4B-00C04F79EFBC}") = "Lession13", "Lession13\Lession13.csproj", "{20F86D1B-C191-4333-A77D-7CFDF19BAC0E}"
EndProject
Project("{FAE04EC0-301F-11D3-BF4B-00C04F79EFBC}") = "Console_ATM_VietNam", "Console_ATM_VietNam\Console_ATM_VietNam.csproj", "{018A3240-AB14-4672-B48C-72D4861B3D5A}"
EndProject
Project("{FAE04EC0-301F-11D3-BF4B-00C04F79EFBC}") = "FindMaxAndMinMatrix2D", "FindMaxAndMinMatrix2D\FindMaxAndMinMatrix2D.csproj", "{9C24B8C1-53B8-49B8-A334-40B7F4331E09}"
EndProject
Project("{FAE04EC0-301F-11D3-BF4B-00C04F79EFBC}") = "StoreEmployeeUsingStruct", "StoreEmployeeUsingStruct\StoreEmployeeUsingStruct.csproj", "{8E2BD57A-50EF-4EE3-8386-DA856303429B}"
EndProject
Project("{FAE04EC0-301F-11D3-BF4B-00C04F79EFBC}") = "TeacherAndStudentOOP", "TeacherAndStudentOOP\TeacherAndStudentOOP.csproj", "{804446A3-0DC7-4188-BC73-E5922EE588E8}"
EndProject
Project("{FAE04EC0-301F-11D3-BF4B-00C04F79EFBC}") = "H4ck3rSp34k", "H4ck3rSp34k\H4ck3rSp34k.csproj", "{5982CD7A-FD52-486A-A171-3D7B6E25F254}"
EndProject
Project("{FAE04EC0-301F-11D3-BF4B-00C04F79EFBC}") = "AlTeRnAtInG_CaPs​​​​​", "AlTeRnAtInG_CaPs​​​​​\AlTeRnAtInG_CaPs​​​​​.csproj", "{9EF67ABC-59C4-483E-BF4E-224206776BD2}"
EndProject
Project("{FAE04EC0-301F-11D3-BF4B-00C04F79EFBC}") = "SumTwoSmallestNumber", "SumTwoSmallestNumber\SumTwoSmallestNumber.csproj", "{92C0DB73-9F7C-4FDD-AE94-3BED664795BF}"
EndProject
Project("{FAE04EC0-301F-11D3-BF4B-00C04F79EFBC}") = "ReadAndWriteFile", "ReadAndWriteFile\ReadAndWriteFile.csproj", "{647869C2-6670-4D1E-8A2E-8115A9C6CC95}"
EndProject
Project("{FAE04EC0-301F-11D3-BF4B-00C04F79EFBC}") = "DataTypeInCSharp", "DataTypeInCSharp\DataTypeInCSharp.csproj", "{A9E89D6E-74ED-4FE8-ADBC-61481F163173}"
EndProject
Project("{FAE04EC0-301F-11D3-BF4B-00C04F79EFBC}") = "OperatorInCSharp", "OperatorInCSharp\OperatorInCSharp.csproj", "{8D8CCD55-9966-4236-ADF5-8D5329E9FA8B}"
EndProject
Project("{FAE04EC0-301F-11D3-BF4B-00C04F79EFBC}") = "BangCuuChuong", "BangCuuChuong\BangCuuChuong.csproj", "{F858282F-4AFA-452D-8A64-77751E65A0A7}"
EndProject
Project("{FAE04EC0-301F-11D3-BF4B-00C04F79EFBC}") = "CopyMang2Chieu", "CopyMang2Chieu\CopyMang2Chieu.csproj", "{22F312E5-5134-40B5-B3A3-C8F881943CAB}"
EndProject
Project("{FAE04EC0-301F-11D3-BF4B-00C04F79EFBC}") = "StudentManagamentSystem", "StudentManagamentSystem\StudentManagamentSystem.csproj", "{48964DBE-A81D-43E9-83DD-D420123E29DD}"
EndProject
Project("{FAE04EC0-301F-11D3-BF4B-00C04F79EFBC}") = "StudentManagamentSystem_DesignPattern", "StudentManagamentSystem_DesignPattern\StudentManagamentSystem_DesignPattern.csproj", "{1AF91138-9A18-4FEF-9F95-B373689CE251}"
EndProject
Project("{2150E333-8FDC-42A3-9474-1A3956D46DE8}") = "4.DesignPatterns", "4.DesignPatterns", "{9A9AB707-DE61-439F-82ED-2FBC35465B16}"
EndProject
Project("{2150E333-8FDC-42A3-9474-1A3956D46DE8}") = "3.BehaviroralPatterns", "3.BehaviroralPatterns", "{94F26502-B627-4740-866F-CCB93528016E}"
EndProject
Project("{FAE04EC0-301F-11D3-BF4B-00C04F79EFBC}") = "CommandPattern_OrderPizzaSteak", "CommandPattern\CommandPattern_OrderPizzaSteak.csproj", "{BD7E9236-E97D-4A09-A1E8-206C1B704AF9}"
EndProject
Project("{FAE04EC0-301F-11D3-BF4B-00C04F79EFBC}") = "CommandPattern_Example", "CommandPattern_Example\CommandPattern_Example.csproj", "{5EFBC85A-15ED-43BD-8006-34701ACF5830}"
EndProject
Project("{FAE04EC0-301F-11D3-BF4B-00C04F79EFBC}") = "StudentManagamentSystem_DesignPattern_Simple", "StudentManagamentSystem_DesignPattern_Simple\StudentManagamentSystem_DesignPattern_Simple.csproj", "{6A9AA983-FF62-439D-923C-9DEA453F4E65}"
EndProject
Project("{FAE04EC0-301F-11D3-BF4B-00C04F79EFBC}") = "StudentManagamentSystem_OOP", "StudentManagamentSystem_OOP\StudentManagamentSystem_OOP.csproj", "{0A87EC9B-51F0-4B71-A9FD-FD17009D688A}"
EndProject
Project("{FAE04EC0-301F-11D3-BF4B-00C04F79EFBC}") = "StudentLecturerManagement", "StudentLecturerManagement\StudentLecturerManagement.csproj", "{63A82313-8938-4B0A-A7B3-65DEF686C9DA}"
EndProject
Global
	GlobalSection(SolutionConfigurationPlatforms) = preSolution
		Debug|Any CPU = Debug|Any CPU
		Release|Any CPU = Release|Any CPU
	EndGlobalSection
	GlobalSection(ProjectConfigurationPlatforms) = postSolution
		{DA0584EC-0351-4EE9-B5A6-161DD2475C93}.Debug|Any CPU.ActiveCfg = Debug|Any CPU
		{DA0584EC-0351-4EE9-B5A6-161DD2475C93}.Debug|Any CPU.Build.0 = Debug|Any CPU
		{DA0584EC-0351-4EE9-B5A6-161DD2475C93}.Release|Any CPU.ActiveCfg = Release|Any CPU
		{DA0584EC-0351-4EE9-B5A6-161DD2475C93}.Release|Any CPU.Build.0 = Release|Any CPU
		{D5145A91-081F-4777-8493-3E1049656ADF}.Debug|Any CPU.ActiveCfg = Debug|Any CPU
		{D5145A91-081F-4777-8493-3E1049656ADF}.Debug|Any CPU.Build.0 = Debug|Any CPU
		{D5145A91-081F-4777-8493-3E1049656ADF}.Release|Any CPU.ActiveCfg = Release|Any CPU
		{D5145A91-081F-4777-8493-3E1049656ADF}.Release|Any CPU.Build.0 = Release|Any CPU
		{12D9C8A6-E076-4DA0-99DD-15016DE6A53C}.Debug|Any CPU.ActiveCfg = Debug|Any CPU
		{12D9C8A6-E076-4DA0-99DD-15016DE6A53C}.Debug|Any CPU.Build.0 = Debug|Any CPU
		{12D9C8A6-E076-4DA0-99DD-15016DE6A53C}.Release|Any CPU.ActiveCfg = Release|Any CPU
		{12D9C8A6-E076-4DA0-99DD-15016DE6A53C}.Release|Any CPU.Build.0 = Release|Any CPU
		{FBE66127-0D6A-4F4E-8711-204A542C9C97}.Debug|Any CPU.ActiveCfg = Debug|Any CPU
		{FBE66127-0D6A-4F4E-8711-204A542C9C97}.Debug|Any CPU.Build.0 = Debug|Any CPU
		{FBE66127-0D6A-4F4E-8711-204A542C9C97}.Release|Any CPU.ActiveCfg = Release|Any CPU
		{FBE66127-0D6A-4F4E-8711-204A542C9C97}.Release|Any CPU.Build.0 = Release|Any CPU
		{D4900B50-A031-4FE7-AF20-9010AAA1B599}.Debug|Any CPU.ActiveCfg = Debug|Any CPU
		{D4900B50-A031-4FE7-AF20-9010AAA1B599}.Debug|Any CPU.Build.0 = Debug|Any CPU
		{D4900B50-A031-4FE7-AF20-9010AAA1B599}.Release|Any CPU.ActiveCfg = Release|Any CPU
		{D4900B50-A031-4FE7-AF20-9010AAA1B599}.Release|Any CPU.Build.0 = Release|Any CPU
		{14B0D69F-7748-48F8-951B-6F0E10C78308}.Debug|Any CPU.ActiveCfg = Debug|Any CPU
		{14B0D69F-7748-48F8-951B-6F0E10C78308}.Debug|Any CPU.Build.0 = Debug|Any CPU
		{14B0D69F-7748-48F8-951B-6F0E10C78308}.Release|Any CPU.ActiveCfg = Release|Any CPU
		{14B0D69F-7748-48F8-951B-6F0E10C78308}.Release|Any CPU.Build.0 = Release|Any CPU
		{F8915688-209E-4ABB-8E86-FF5A0FCB3A7B}.Debug|Any CPU.ActiveCfg = Debug|Any CPU
		{F8915688-209E-4ABB-8E86-FF5A0FCB3A7B}.Debug|Any CPU.Build.0 = Debug|Any CPU
		{F8915688-209E-4ABB-8E86-FF5A0FCB3A7B}.Release|Any CPU.ActiveCfg = Release|Any CPU
		{F8915688-209E-4ABB-8E86-FF5A0FCB3A7B}.Release|Any CPU.Build.0 = Release|Any CPU
		{FFE3363C-4253-48BD-A8EB-A966BE44CB44}.Debug|Any CPU.ActiveCfg = Debug|Any CPU
		{FFE3363C-4253-48BD-A8EB-A966BE44CB44}.Debug|Any CPU.Build.0 = Debug|Any CPU
		{FFE3363C-4253-48BD-A8EB-A966BE44CB44}.Release|Any CPU.ActiveCfg = Release|Any CPU
		{FFE3363C-4253-48BD-A8EB-A966BE44CB44}.Release|Any CPU.Build.0 = Release|Any CPU
		{21059F56-2B00-4798-BA69-347DE0A4C957}.Debug|Any CPU.ActiveCfg = Debug|Any CPU
		{21059F56-2B00-4798-BA69-347DE0A4C957}.Debug|Any CPU.Build.0 = Debug|Any CPU
		{21059F56-2B00-4798-BA69-347DE0A4C957}.Release|Any CPU.ActiveCfg = Release|Any CPU
		{21059F56-2B00-4798-BA69-347DE0A4C957}.Release|Any CPU.Build.0 = Release|Any CPU
		{0144AA3F-6E26-4AC5-B8ED-E1CE27F96852}.Debug|Any CPU.ActiveCfg = Debug|Any CPU
		{0144AA3F-6E26-4AC5-B8ED-E1CE27F96852}.Debug|Any CPU.Build.0 = Debug|Any CPU
		{0144AA3F-6E26-4AC5-B8ED-E1CE27F96852}.Release|Any CPU.ActiveCfg = Release|Any CPU
		{0144AA3F-6E26-4AC5-B8ED-E1CE27F96852}.Release|Any CPU.Build.0 = Release|Any CPU
		{D6054A3E-31EE-4E5B-A761-417921A78B84}.Debug|Any CPU.ActiveCfg = Debug|Any CPU
		{D6054A3E-31EE-4E5B-A761-417921A78B84}.Debug|Any CPU.Build.0 = Debug|Any CPU
		{D6054A3E-31EE-4E5B-A761-417921A78B84}.Release|Any CPU.ActiveCfg = Release|Any CPU
		{D6054A3E-31EE-4E5B-A761-417921A78B84}.Release|Any CPU.Build.0 = Release|Any CPU
		{D6ECB0A9-0115-4AD6-A67C-EBA7AEA6C753}.Debug|Any CPU.ActiveCfg = Debug|Any CPU
		{D6ECB0A9-0115-4AD6-A67C-EBA7AEA6C753}.Debug|Any CPU.Build.0 = Debug|Any CPU
		{D6ECB0A9-0115-4AD6-A67C-EBA7AEA6C753}.Release|Any CPU.ActiveCfg = Release|Any CPU
		{D6ECB0A9-0115-4AD6-A67C-EBA7AEA6C753}.Release|Any CPU.Build.0 = Release|Any CPU
		{20F86D1B-C191-4333-A77D-7CFDF19BAC0E}.Debug|Any CPU.ActiveCfg = Debug|Any CPU
		{20F86D1B-C191-4333-A77D-7CFDF19BAC0E}.Debug|Any CPU.Build.0 = Debug|Any CPU
		{20F86D1B-C191-4333-A77D-7CFDF19BAC0E}.Release|Any CPU.ActiveCfg = Release|Any CPU
		{20F86D1B-C191-4333-A77D-7CFDF19BAC0E}.Release|Any CPU.Build.0 = Release|Any CPU
		{018A3240-AB14-4672-B48C-72D4861B3D5A}.Debug|Any CPU.ActiveCfg = Debug|Any CPU
		{018A3240-AB14-4672-B48C-72D4861B3D5A}.Debug|Any CPU.Build.0 = Debug|Any CPU
		{018A3240-AB14-4672-B48C-72D4861B3D5A}.Release|Any CPU.ActiveCfg = Release|Any CPU
		{018A3240-AB14-4672-B48C-72D4861B3D5A}.Release|Any CPU.Build.0 = Release|Any CPU
		{9C24B8C1-53B8-49B8-A334-40B7F4331E09}.Debug|Any CPU.ActiveCfg = Debug|Any CPU
		{9C24B8C1-53B8-49B8-A334-40B7F4331E09}.Debug|Any CPU.Build.0 = Debug|Any CPU
		{9C24B8C1-53B8-49B8-A334-40B7F4331E09}.Release|Any CPU.ActiveCfg = Release|Any CPU
		{9C24B8C1-53B8-49B8-A334-40B7F4331E09}.Release|Any CPU.Build.0 = Release|Any CPU
		{8E2BD57A-50EF-4EE3-8386-DA856303429B}.Debug|Any CPU.ActiveCfg = Debug|Any CPU
		{8E2BD57A-50EF-4EE3-8386-DA856303429B}.Debug|Any CPU.Build.0 = Debug|Any CPU
		{8E2BD57A-50EF-4EE3-8386-DA856303429B}.Release|Any CPU.ActiveCfg = Release|Any CPU
		{8E2BD57A-50EF-4EE3-8386-DA856303429B}.Release|Any CPU.Build.0 = Release|Any CPU
		{804446A3-0DC7-4188-BC73-E5922EE588E8}.Debug|Any CPU.ActiveCfg = Debug|Any CPU
		{804446A3-0DC7-4188-BC73-E5922EE588E8}.Debug|Any CPU.Build.0 = Debug|Any CPU
		{804446A3-0DC7-4188-BC73-E5922EE588E8}.Release|Any CPU.ActiveCfg = Release|Any CPU
		{804446A3-0DC7-4188-BC73-E5922EE588E8}.Release|Any CPU.Build.0 = Release|Any CPU
		{5982CD7A-FD52-486A-A171-3D7B6E25F254}.Debug|Any CPU.ActiveCfg = Debug|Any CPU
		{5982CD7A-FD52-486A-A171-3D7B6E25F254}.Debug|Any CPU.Build.0 = Debug|Any CPU
		{5982CD7A-FD52-486A-A171-3D7B6E25F254}.Release|Any CPU.ActiveCfg = Release|Any CPU
		{5982CD7A-FD52-486A-A171-3D7B6E25F254}.Release|Any CPU.Build.0 = Release|Any CPU
		{9EF67ABC-59C4-483E-BF4E-224206776BD2}.Debug|Any CPU.ActiveCfg = Debug|Any CPU
		{9EF67ABC-59C4-483E-BF4E-224206776BD2}.Debug|Any CPU.Build.0 = Debug|Any CPU
		{9EF67ABC-59C4-483E-BF4E-224206776BD2}.Release|Any CPU.ActiveCfg = Release|Any CPU
		{9EF67ABC-59C4-483E-BF4E-224206776BD2}.Release|Any CPU.Build.0 = Release|Any CPU
		{92C0DB73-9F7C-4FDD-AE94-3BED664795BF}.Debug|Any CPU.ActiveCfg = Debug|Any CPU
		{92C0DB73-9F7C-4FDD-AE94-3BED664795BF}.Debug|Any CPU.Build.0 = Debug|Any CPU
		{92C0DB73-9F7C-4FDD-AE94-3BED664795BF}.Release|Any CPU.ActiveCfg = Release|Any CPU
		{92C0DB73-9F7C-4FDD-AE94-3BED664795BF}.Release|Any CPU.Build.0 = Release|Any CPU
		{647869C2-6670-4D1E-8A2E-8115A9C6CC95}.Debug|Any CPU.ActiveCfg = Debug|Any CPU
		{647869C2-6670-4D1E-8A2E-8115A9C6CC95}.Debug|Any CPU.Build.0 = Debug|Any CPU
		{647869C2-6670-4D1E-8A2E-8115A9C6CC95}.Release|Any CPU.ActiveCfg = Release|Any CPU
		{647869C2-6670-4D1E-8A2E-8115A9C6CC95}.Release|Any CPU.Build.0 = Release|Any CPU
		{A9E89D6E-74ED-4FE8-ADBC-61481F163173}.Debug|Any CPU.ActiveCfg = Debug|Any CPU
		{A9E89D6E-74ED-4FE8-ADBC-61481F163173}.Debug|Any CPU.Build.0 = Debug|Any CPU
		{A9E89D6E-74ED-4FE8-ADBC-61481F163173}.Release|Any CPU.ActiveCfg = Release|Any CPU
		{A9E89D6E-74ED-4FE8-ADBC-61481F163173}.Release|Any CPU.Build.0 = Release|Any CPU
		{8D8CCD55-9966-4236-ADF5-8D5329E9FA8B}.Debug|Any CPU.ActiveCfg = Debug|Any CPU
		{8D8CCD55-9966-4236-ADF5-8D5329E9FA8B}.Debug|Any CPU.Build.0 = Debug|Any CPU
		{8D8CCD55-9966-4236-ADF5-8D5329E9FA8B}.Release|Any CPU.ActiveCfg = Release|Any CPU
		{8D8CCD55-9966-4236-ADF5-8D5329E9FA8B}.Release|Any CPU.Build.0 = Release|Any CPU
		{F858282F-4AFA-452D-8A64-77751E65A0A7}.Debug|Any CPU.ActiveCfg = Debug|Any CPU
		{F858282F-4AFA-452D-8A64-77751E65A0A7}.Debug|Any CPU.Build.0 = Debug|Any CPU
		{F858282F-4AFA-452D-8A64-77751E65A0A7}.Release|Any CPU.ActiveCfg = Release|Any CPU
		{F858282F-4AFA-452D-8A64-77751E65A0A7}.Release|Any CPU.Build.0 = Release|Any CPU
		{22F312E5-5134-40B5-B3A3-C8F881943CAB}.Debug|Any CPU.ActiveCfg = Debug|Any CPU
		{22F312E5-5134-40B5-B3A3-C8F881943CAB}.Debug|Any CPU.Build.0 = Debug|Any CPU
		{22F312E5-5134-40B5-B3A3-C8F881943CAB}.Release|Any CPU.ActiveCfg = Release|Any CPU
		{22F312E5-5134-40B5-B3A3-C8F881943CAB}.Release|Any CPU.Build.0 = Release|Any CPU
		{48964DBE-A81D-43E9-83DD-D420123E29DD}.Debug|Any CPU.ActiveCfg = Debug|Any CPU
		{48964DBE-A81D-43E9-83DD-D420123E29DD}.Debug|Any CPU.Build.0 = Debug|Any CPU
		{48964DBE-A81D-43E9-83DD-D420123E29DD}.Release|Any CPU.ActiveCfg = Release|Any CPU
		{48964DBE-A81D-43E9-83DD-D420123E29DD}.Release|Any CPU.Build.0 = Release|Any CPU
		{1AF91138-9A18-4FEF-9F95-B373689CE251}.Debug|Any CPU.ActiveCfg = Debug|Any CPU
		{1AF91138-9A18-4FEF-9F95-B373689CE251}.Debug|Any CPU.Build.0 = Debug|Any CPU
		{1AF91138-9A18-4FEF-9F95-B373689CE251}.Release|Any CPU.ActiveCfg = Release|Any CPU
		{1AF91138-9A18-4FEF-9F95-B373689CE251}.Release|Any CPU.Build.0 = Release|Any CPU
		{BD7E9236-E97D-4A09-A1E8-206C1B704AF9}.Debug|Any CPU.ActiveCfg = Debug|Any CPU
		{BD7E9236-E97D-4A09-A1E8-206C1B704AF9}.Debug|Any CPU.Build.0 = Debug|Any CPU
		{BD7E9236-E97D-4A09-A1E8-206C1B704AF9}.Release|Any CPU.ActiveCfg = Release|Any CPU
		{BD7E9236-E97D-4A09-A1E8-206C1B704AF9}.Release|Any CPU.Build.0 = Release|Any CPU
		{5EFBC85A-15ED-43BD-8006-34701ACF5830}.Debug|Any CPU.ActiveCfg = Debug|Any CPU
		{5EFBC85A-15ED-43BD-8006-34701ACF5830}.Debug|Any CPU.Build.0 = Debug|Any CPU
		{5EFBC85A-15ED-43BD-8006-34701ACF5830}.Release|Any CPU.ActiveCfg = Release|Any CPU
		{5EFBC85A-15ED-43BD-8006-34701ACF5830}.Release|Any CPU.Build.0 = Release|Any CPU
		{6A9AA983-FF62-439D-923C-9DEA453F4E65}.Debug|Any CPU.ActiveCfg = Debug|Any CPU
		{6A9AA983-FF62-439D-923C-9DEA453F4E65}.Debug|Any CPU.Build.0 = Debug|Any CPU
		{6A9AA983-FF62-439D-923C-9DEA453F4E65}.Release|Any CPU.ActiveCfg = Release|Any CPU
		{6A9AA983-FF62-439D-923C-9DEA453F4E65}.Release|Any CPU.Build.0 = Release|Any CPU
		{0A87EC9B-51F0-4B71-A9FD-FD17009D688A}.Debug|Any CPU.ActiveCfg = Debug|Any CPU
		{0A87EC9B-51F0-4B71-A9FD-FD17009D688A}.Debug|Any CPU.Build.0 = Debug|Any CPU
		{0A87EC9B-51F0-4B71-A9FD-FD17009D688A}.Release|Any CPU.ActiveCfg = Release|Any CPU
		{0A87EC9B-51F0-4B71-A9FD-FD17009D688A}.Release|Any CPU.Build.0 = Release|Any CPU
		{63A82313-8938-4B0A-A7B3-65DEF686C9DA}.Debug|Any CPU.ActiveCfg = Debug|Any CPU
		{63A82313-8938-4B0A-A7B3-65DEF686C9DA}.Debug|Any CPU.Build.0 = Debug|Any CPU
		{63A82313-8938-4B0A-A7B3-65DEF686C9DA}.Release|Any CPU.ActiveCfg = Release|Any CPU
		{63A82313-8938-4B0A-A7B3-65DEF686C9DA}.Release|Any CPU.Build.0 = Release|Any CPU
	EndGlobalSection
	GlobalSection(SolutionProperties) = preSolution
		HideSolutionNode = FALSE
	EndGlobalSection
	GlobalSection(NestedProjects) = preSolution
		{DA0584EC-0351-4EE9-B5A6-161DD2475C93} = {A47CD09D-1689-488E-B15E-0F19687C844C}
		{D5145A91-081F-4777-8493-3E1049656ADF} = {A47CD09D-1689-488E-B15E-0F19687C844C}
		{12D9C8A6-E076-4DA0-99DD-15016DE6A53C} = {A47CD09D-1689-488E-B15E-0F19687C844C}
		{FBE66127-0D6A-4F4E-8711-204A542C9C97} = {A47CD09D-1689-488E-B15E-0F19687C844C}
		{D4900B50-A031-4FE7-AF20-9010AAA1B599} = {A47CD09D-1689-488E-B15E-0F19687C844C}
		{14B0D69F-7748-48F8-951B-6F0E10C78308} = {A47CD09D-1689-488E-B15E-0F19687C844C}
		{F8915688-209E-4ABB-8E86-FF5A0FCB3A7B} = {81E07B6C-DFAB-4A88-B92A-B5BF42B58160}
		{FFE3363C-4253-48BD-A8EB-A966BE44CB44} = {81E07B6C-DFAB-4A88-B92A-B5BF42B58160}
		{21059F56-2B00-4798-BA69-347DE0A4C957} = {81E07B6C-DFAB-4A88-B92A-B5BF42B58160}
		{0144AA3F-6E26-4AC5-B8ED-E1CE27F96852} = {81E07B6C-DFAB-4A88-B92A-B5BF42B58160}
		{D6054A3E-31EE-4E5B-A761-417921A78B84} = {81E07B6C-DFAB-4A88-B92A-B5BF42B58160}
		{D6ECB0A9-0115-4AD6-A67C-EBA7AEA6C753} = {092036A3-37FE-401A-9297-62B809FE2261}
		{20F86D1B-C191-4333-A77D-7CFDF19BAC0E} = {092036A3-37FE-401A-9297-62B809FE2261}
		{A9E89D6E-74ED-4FE8-ADBC-61481F163173} = {A47CD09D-1689-488E-B15E-0F19687C844C}
		{8D8CCD55-9966-4236-ADF5-8D5329E9FA8B} = {A47CD09D-1689-488E-B15E-0F19687C844C}
		{F858282F-4AFA-452D-8A64-77751E65A0A7} = {A47CD09D-1689-488E-B15E-0F19687C844C}
		{22F312E5-5134-40B5-B3A3-C8F881943CAB} = {A47CD09D-1689-488E-B15E-0F19687C844C}
		{94F26502-B627-4740-866F-CCB93528016E} = {9A9AB707-DE61-439F-82ED-2FBC35465B16}
		{BD7E9236-E97D-4A09-A1E8-206C1B704AF9} = {94F26502-B627-4740-866F-CCB93528016E}
		{5EFBC85A-15ED-43BD-8006-34701ACF5830} = {94F26502-B627-4740-866F-CCB93528016E}
	EndGlobalSection
	GlobalSection(ExtensibilityGlobals) = postSolution
		SolutionGuid = {462B3588-E42A-4CAA-8A63-5FB4326C1C19}
	EndGlobalSection
EndGlobal
